
Microsoft Visual Studio Solution File, Format Version 12.00
# Visual Studio 15
VisualStudioVersion = 15.0.26730.16
MinimumVisualStudioVersion = 10.0.40219.1
Project("{8BC9CEB8-8B4A-11D0-8D11-00A0C91BC942}") = "1712906", "1712906\1712906.vcxproj", "{EEEC0CE4-1A94-4381-9257-60CED76BB0C9}"
EndProject
Global
	GlobalSection(SolutionConfigurationPlatforms) = preSolution
		Debug|x64 = Debug|x64
		Debug|x86 = Debug|x86
		Release|x64 = Release|x64
		Release|x86 = Release|x86
	EndGlobalSection
	GlobalSection(ProjectConfigurationPlatforms) = postSolution
		{EEEC0CE4-1A94-4381-9257-60CED76BB0C9}.Debug|x64.ActiveCfg = Debug|x64
		{EEEC0CE4-1A94-4381-9257-60CED76BB0C9}.Debug|x64.Build.0 = Debug|x64
		{EEEC0CE4-1A94-4381-9257-60CED76BB0C9}.Debug|x86.ActiveCfg = Debug|Win32
		{EEEC0CE4-1A94-4381-9257-60CED76BB0C9}.Debug|x86.Build.0 = Debug|Win32
		{EEEC0CE4-1A94-4381-9257-60CED76BB0C9}.Release|x64.ActiveCfg = Release|x64
		{EEEC0CE4-1A94-4381-9257-60CED76BB0C9}.Release|x64.Build.0 = Release|x64
		{EEEC0CE4-1A94-4381-9257-60CED76BB0C9}.Release|x86.ActiveCfg = Release|Win32
		{EEEC0CE4-1A94-4381-9257-60CED76BB0C9}.Release|x86.Build.0 = Release|Win32
	EndGlobalSection
	GlobalSection(SolutionProperties) = preSolution
		HideSolutionNode = FALSE
	EndGlobalSection
	GlobalSection(ExtensibilityGlobals) = postSolution
		SolutionGuid = {DDBD4E45-B269-43D5-9BAF-8519CD303F0F}
	EndGlobalSection
EndGlobal
